
Microsoft Visual Studio Solution File, Format Version 12.00
# Visual Studio Version 17
VisualStudioVersion = 17.7.34202.233
MinimumVisualStudioVersion = 10.0.40219.1
Project("{FAE04EC0-301F-11D3-BF4B-00C04F79EFBC}") = "MagnusBigMammaUML3", "MagnusBigMammaUML3\MagnusBigMammaUML3.csproj", "{72D92CE5-E846-42D9-88B6-FB0E2B37404E}"
EndProject
Global
	GlobalSection(SolutionConfigurationPlatforms) = preSolution
		Debug|Any CPU = Debug|Any CPU
		Release|Any CPU = Release|Any CPU
	EndGlobalSection
	GlobalSection(ProjectConfigurationPlatforms) = postSolution
		{72D92CE5-E846-42D9-88B6-FB0E2B37404E}.Debug|Any CPU.ActiveCfg = Debug|Any CPU
		{72D92CE5-E846-42D9-88B6-FB0E2B37404E}.Debug|Any CPU.Build.0 = Debug|Any CPU
		{72D92CE5-E846-42D9-88B6-FB0E2B37404E}.Release|Any CPU.ActiveCfg = Release|Any CPU
		{72D92CE5-E846-42D9-88B6-FB0E2B37404E}.Release|Any CPU.Build.0 = Release|Any CPU
	EndGlobalSection
	GlobalSection(SolutionProperties) = preSolution
		HideSolutionNode = FALSE
	EndGlobalSection
	GlobalSection(ExtensibilityGlobals) = postSolution
		SolutionGuid = {382BA95A-6A21-47F4-963F-E26D0F3986AD}
	EndGlobalSection
EndGlobal
